
Microsoft Visual Studio Solution File, Format Version 12.00
# Visual Studio Version 17
VisualStudioVersion = 17.10.35027.167
MinimumVisualStudioVersion = 10.0.40219.1
Project("{FAE04EC0-301F-11D3-BF4B-00C04F79EFBC}") = "Musicians.API", "Musicians.API\Musicians.API.csproj", "{E294A2E3-97F0-4795-A68B-C540E0222ED9}"
EndProject
Project("{FAE04EC0-301F-11D3-BF4B-00C04F79EFBC}") = "Musicians.Database", "Musicians.Database\Musicians.Database.csproj", "{73808D24-1BE2-4CDE-A068-B94B58F62824}"
EndProject
Project("{FAE04EC0-301F-11D3-BF4B-00C04F79EFBC}") = "Musicians.Database.Test", "Musicians.Database.Test\Musicians.Database.Test.csproj", "{6B1CD232-005D-496D-9730-57CA9660B1DA}"
EndProject
Project("{FAE04EC0-301F-11D3-BF4B-00C04F79EFBC}") = "Musicians.GraphQL", "Musicians.GraphQL\Musicians.GraphQL.csproj", "{813105A1-ABFB-49CB-814A-892BC0ACA722}"
EndProject
Project("{FAE04EC0-301F-11D3-BF4B-00C04F79EFBC}") = "Musicians.GraphQL.Test", "Musicians.GraphQL.Test\Musicians.GraphQL.Test.csproj", "{8D71C4A4-ED84-40A6-B598-165B9D9EFFE4}"
EndProject
Project("{FAE04EC0-301F-11D3-BF4B-00C04F79EFBC}") = "Musicians.Security", "Musicians.Security\Musicians.Security.csproj", "{D1C577B8-9389-4F42-A61C-E09420FCAE73}"
EndProject
Project("{FAE04EC0-301F-11D3-BF4B-00C04F79EFBC}") = "Musicians.DataAccess", "Musicians.DataAccess\Musicians.DataAccess.csproj", "{8BCE25A9-B10C-4818-8F73-C336916A8061}"
EndProject
Project("{FAE04EC0-301F-11D3-BF4B-00C04F79EFBC}") = "Musicians.DataAccess.Test", "Musicians.DataAccess.Test\Musicians.DataAccess.Test.csproj", "{7123AE91-067D-4B3B-A268-FFE29D9C7A5A}"
EndProject
Global
	GlobalSection(SolutionConfigurationPlatforms) = preSolution
		Debug|Any CPU = Debug|Any CPU
		Release|Any CPU = Release|Any CPU
	EndGlobalSection
	GlobalSection(ProjectConfigurationPlatforms) = postSolution
		{E294A2E3-97F0-4795-A68B-C540E0222ED9}.Debug|Any CPU.ActiveCfg = Debug|Any CPU
		{E294A2E3-97F0-4795-A68B-C540E0222ED9}.Debug|Any CPU.Build.0 = Debug|Any CPU
		{E294A2E3-97F0-4795-A68B-C540E0222ED9}.Release|Any CPU.ActiveCfg = Release|Any CPU
		{E294A2E3-97F0-4795-A68B-C540E0222ED9}.Release|Any CPU.Build.0 = Release|Any CPU
		{73808D24-1BE2-4CDE-A068-B94B58F62824}.Debug|Any CPU.ActiveCfg = Debug|Any CPU
		{73808D24-1BE2-4CDE-A068-B94B58F62824}.Debug|Any CPU.Build.0 = Debug|Any CPU
		{73808D24-1BE2-4CDE-A068-B94B58F62824}.Release|Any CPU.ActiveCfg = Release|Any CPU
		{73808D24-1BE2-4CDE-A068-B94B58F62824}.Release|Any CPU.Build.0 = Release|Any CPU
		{6B1CD232-005D-496D-9730-57CA9660B1DA}.Debug|Any CPU.ActiveCfg = Debug|Any CPU
		{6B1CD232-005D-496D-9730-57CA9660B1DA}.Debug|Any CPU.Build.0 = Debug|Any CPU
		{6B1CD232-005D-496D-9730-57CA9660B1DA}.Release|Any CPU.ActiveCfg = Release|Any CPU
		{6B1CD232-005D-496D-9730-57CA9660B1DA}.Release|Any CPU.Build.0 = Release|Any CPU
		{813105A1-ABFB-49CB-814A-892BC0ACA722}.Debug|Any CPU.ActiveCfg = Debug|Any CPU
		{813105A1-ABFB-49CB-814A-892BC0ACA722}.Debug|Any CPU.Build.0 = Debug|Any CPU
		{813105A1-ABFB-49CB-814A-892BC0ACA722}.Release|Any CPU.ActiveCfg = Release|Any CPU
		{813105A1-ABFB-49CB-814A-892BC0ACA722}.Release|Any CPU.Build.0 = Release|Any CPU
		{8D71C4A4-ED84-40A6-B598-165B9D9EFFE4}.Debug|Any CPU.ActiveCfg = Debug|Any CPU
		{8D71C4A4-ED84-40A6-B598-165B9D9EFFE4}.Debug|Any CPU.Build.0 = Debug|Any CPU
		{8D71C4A4-ED84-40A6-B598-165B9D9EFFE4}.Release|Any CPU.ActiveCfg = Release|Any CPU
		{8D71C4A4-ED84-40A6-B598-165B9D9EFFE4}.Release|Any CPU.Build.0 = Release|Any CPU
		{D1C577B8-9389-4F42-A61C-E09420FCAE73}.Debug|Any CPU.ActiveCfg = Debug|Any CPU
		{D1C577B8-9389-4F42-A61C-E09420FCAE73}.Debug|Any CPU.Build.0 = Debug|Any CPU
		{D1C577B8-9389-4F42-A61C-E09420FCAE73}.Release|Any CPU.ActiveCfg = Release|Any CPU
		{D1C577B8-9389-4F42-A61C-E09420FCAE73}.Release|Any CPU.Build.0 = Release|Any CPU
		{8BCE25A9-B10C-4818-8F73-C336916A8061}.Debug|Any CPU.ActiveCfg = Debug|Any CPU
		{8BCE25A9-B10C-4818-8F73-C336916A8061}.Debug|Any CPU.Build.0 = Debug|Any CPU
		{8BCE25A9-B10C-4818-8F73-C336916A8061}.Release|Any CPU.ActiveCfg = Release|Any CPU
		{8BCE25A9-B10C-4818-8F73-C336916A8061}.Release|Any CPU.Build.0 = Release|Any CPU
		{7123AE91-067D-4B3B-A268-FFE29D9C7A5A}.Debug|Any CPU.ActiveCfg = Debug|Any CPU
		{7123AE91-067D-4B3B-A268-FFE29D9C7A5A}.Debug|Any CPU.Build.0 = Debug|Any CPU
		{7123AE91-067D-4B3B-A268-FFE29D9C7A5A}.Release|Any CPU.ActiveCfg = Release|Any CPU
		{7123AE91-067D-4B3B-A268-FFE29D9C7A5A}.Release|Any CPU.Build.0 = Release|Any CPU
	EndGlobalSection
	GlobalSection(SolutionProperties) = preSolution
		HideSolutionNode = FALSE
	EndGlobalSection
	GlobalSection(ExtensibilityGlobals) = postSolution
		SolutionGuid = {27F930E7-EFD9-4503-B21C-F9A89AD2E46D}
	EndGlobalSection
EndGlobal
