
Microsoft Visual Studio Solution File, Format Version 12.00
# Visual Studio Version 17
VisualStudioVersion = 17.10.35027.167
MinimumVisualStudioVersion = 10.0.40219.1
Project("{FAE04EC0-301F-11D3-BF4B-00C04F79EFBC}") = "Musicians.API", "Musicians.API\Musicians.API.csproj", "{4450D174-893B-420E-A726-02ADE94C2752}"
EndProject
Project("{FAE04EC0-301F-11D3-BF4B-00C04F79EFBC}") = "Musicians.Database", "Musicians.Database\Musicians.Database.csproj", "{DCC72C90-B754-4149-B5E5-2324348E254F}"
EndProject
Project("{FAE04EC0-301F-11D3-BF4B-00C04F79EFBC}") = "Musicians.DataAccess", "Musicians.DataAccess\Musicians.DataAccess.csproj", "{81D8B06D-CAA5-4423-B24B-8587ACCBBEE0}"
EndProject
Project("{FAE04EC0-301F-11D3-BF4B-00C04F79EFBC}") = "Musicians.GraphQL", "Musicians.GraphQL\Musicians.GraphQL.csproj", "{9626D2A3-3238-49AF-A28E-D309BE694BF0}"
EndProject
Project("{FAE04EC0-301F-11D3-BF4B-00C04F79EFBC}") = "Musicians.Tests", "Musicians.Tests\Musicians.Tests.csproj", "{AAC230E9-FFF9-4FB6-B19D-D047DC701A1D}"
EndProject
Project("{FAE04EC0-301F-11D3-BF4B-00C04F79EFBC}") = "Musicians.Auth", "Musicians.Auth\Musicians.Auth.csproj", "{D8F77790-C73F-4D49-B6B3-B81C9CAB9A8F}"
EndProject
Global
	GlobalSection(SolutionConfigurationPlatforms) = preSolution
		Debug|Any CPU = Debug|Any CPU
		Release|Any CPU = Release|Any CPU
	EndGlobalSection
	GlobalSection(ProjectConfigurationPlatforms) = postSolution
		{4450D174-893B-420E-A726-02ADE94C2752}.Debug|Any CPU.ActiveCfg = Debug|Any CPU
		{4450D174-893B-420E-A726-02ADE94C2752}.Debug|Any CPU.Build.0 = Debug|Any CPU
		{4450D174-893B-420E-A726-02ADE94C2752}.Release|Any CPU.ActiveCfg = Release|Any CPU
		{4450D174-893B-420E-A726-02ADE94C2752}.Release|Any CPU.Build.0 = Release|Any CPU
		{DCC72C90-B754-4149-B5E5-2324348E254F}.Debug|Any CPU.ActiveCfg = Debug|Any CPU
		{DCC72C90-B754-4149-B5E5-2324348E254F}.Debug|Any CPU.Build.0 = Debug|Any CPU
		{DCC72C90-B754-4149-B5E5-2324348E254F}.Release|Any CPU.ActiveCfg = Release|Any CPU
		{DCC72C90-B754-4149-B5E5-2324348E254F}.Release|Any CPU.Build.0 = Release|Any CPU
		{81D8B06D-CAA5-4423-B24B-8587ACCBBEE0}.Debug|Any CPU.ActiveCfg = Debug|Any CPU
		{81D8B06D-CAA5-4423-B24B-8587ACCBBEE0}.Debug|Any CPU.Build.0 = Debug|Any CPU
		{81D8B06D-CAA5-4423-B24B-8587ACCBBEE0}.Release|Any CPU.ActiveCfg = Release|Any CPU
		{81D8B06D-CAA5-4423-B24B-8587ACCBBEE0}.Release|Any CPU.Build.0 = Release|Any CPU
		{9626D2A3-3238-49AF-A28E-D309BE694BF0}.Debug|Any CPU.ActiveCfg = Debug|Any CPU
		{9626D2A3-3238-49AF-A28E-D309BE694BF0}.Debug|Any CPU.Build.0 = Debug|Any CPU
		{9626D2A3-3238-49AF-A28E-D309BE694BF0}.Release|Any CPU.ActiveCfg = Release|Any CPU
		{9626D2A3-3238-49AF-A28E-D309BE694BF0}.Release|Any CPU.Build.0 = Release|Any CPU
		{AAC230E9-FFF9-4FB6-B19D-D047DC701A1D}.Debug|Any CPU.ActiveCfg = Debug|Any CPU
		{AAC230E9-FFF9-4FB6-B19D-D047DC701A1D}.Debug|Any CPU.Build.0 = Debug|Any CPU
		{AAC230E9-FFF9-4FB6-B19D-D047DC701A1D}.Release|Any CPU.ActiveCfg = Release|Any CPU
		{AAC230E9-FFF9-4FB6-B19D-D047DC701A1D}.Release|Any CPU.Build.0 = Release|Any CPU
		{D8F77790-C73F-4D49-B6B3-B81C9CAB9A8F}.Debug|Any CPU.ActiveCfg = Debug|Any CPU
		{D8F77790-C73F-4D49-B6B3-B81C9CAB9A8F}.Debug|Any CPU.Build.0 = Debug|Any CPU
		{D8F77790-C73F-4D49-B6B3-B81C9CAB9A8F}.Release|Any CPU.ActiveCfg = Release|Any CPU
		{D8F77790-C73F-4D49-B6B3-B81C9CAB9A8F}.Release|Any CPU.Build.0 = Release|Any CPU
	EndGlobalSection
	GlobalSection(SolutionProperties) = preSolution
		HideSolutionNode = FALSE
	EndGlobalSection
	GlobalSection(ExtensibilityGlobals) = postSolution
		SolutionGuid = {88CEFE5F-3D99-4942-A574-922808DCB410}
	EndGlobalSection
EndGlobal
